
Microsoft Visual Studio Solution File, Format Version 12.00
Project("{FAE04EC0-301F-11D3-BF4B-00C04F79EFBC}") = "CodexWebServer", "CodexWebServer.csproj", "{D4D1DC9F-EFD3-4D63-B209-C36FDF267F18}"
EndProject
Global
	GlobalSection(SolutionConfigurationPlatforms) = preSolution
		Debug|Any CPU = Debug|Any CPU
		Release|Any CPU = Release|Any CPU
	EndGlobalSection
	GlobalSection(ProjectConfigurationPlatforms) = postSolution
		{D4D1DC9F-EFD3-4D63-B209-C36FDF267F18}.Debug|Any CPU.ActiveCfg = Debug|Any CPU
		{D4D1DC9F-EFD3-4D63-B209-C36FDF267F18}.Debug|Any CPU.Build.0 = Debug|Any CPU
		{D4D1DC9F-EFD3-4D63-B209-C36FDF267F18}.Release|Any CPU.ActiveCfg = Release|Any CPU
		{D4D1DC9F-EFD3-4D63-B209-C36FDF267F18}.Release|Any CPU.Build.0 = Release|Any CPU
	EndGlobalSection
EndGlobal
